// !$*UTF8*$!
{
	archiveVersion = 1;
	classes = {
	};
	objectVersion = 56;
	objects = {

/* Begin PBXBuildFile section */
		8F27CB432E75E170004E6A4C /* GameEngine.swift in Sources */ = {isa = PBXBuildFile; fileRef = 8F27CB342E75E170004E6A4C /* GameEngine.swift */; };
		8F9999F12E75E999004E6A4C /* PlacementEngine.swift in Sources */ = {isa = PBXBuildFile; fileRef = 8F9999F02E75E999004E6A4C /* PlacementEngine.swift */; };
		8F27CB442E75E170004E6A4C /* GameAdIntegration.swift in Sources */ = {isa = PBXBuildFile; fileRef = 8F27CB3D2E75E170004E6A4C /* GameAdIntegration.swift */; };
		8F27CB452E75E170004E6A4C /* AdManager.swift in Sources */ = {isa = PBXBuildFile; fileRef = 8F27CB392E75E170004E6A4C /* AdManager.swift */; };
		8F27CB462E75E170004E6A4C /* VisualConstants.swift in Sources */ = {isa = PBXBuildFile; fileRef = 8F27CB402E75E170004E6A4C /* VisualConstants.swift */; };
		8F27CB472E75E170004E6A4C /* AdTestViewController.swift in Sources */ = {isa = PBXBuildFile; fileRef = 8F27CB3B2E75E170004E6A4C /* AdTestViewController.swift */; };
		8F27CB482E75E170004E6A4C /* GridCell.swift in Sources */ = {isa = PBXBuildFile; fileRef = 8F27CB372E75E170004E6A4C /* GridCell.swift */; };
		8F27CB492E75E170004E6A4C /* ATTManager.swift in Sources */ = {isa = PBXBuildFile; fileRef = 8F27CB3C2E75E170004E6A4C /* ATTManager.swift */; };
		8F27CB4A2E75E170004E6A4C /* AdMobConfig.swift in Sources */ = {isa = PBXBuildFile; fileRef = 8F27CB3A2E75E170004E6A4C /* AdMobConfig.swift */; };
		8F27CB4B2E75E170004E6A4C /* DeviceManager.swift in Sources */ = {isa = PBXBuildFile; fileRef = 8F27CB3F2E75E170004E6A4C /* DeviceManager.swift */; };
		8F27CB4C2E75E170004E6A4C /* BlockType.swift in Sources */ = {isa = PBXBuildFile; fileRef = 8F27CB362E75E170004E6A4C /* BlockType.swift */; };
		8F27CB542E75E17F004E6A4C /* DraggableBlockView.swift in Sources */ = {isa = PBXBuildFile; fileRef = 8F27CB502E75E17F004E6A4C /* DraggableBlockView.swift */; };
		8F27CB552E75E17F004E6A4C /* GridView.swift in Sources */ = {isa = PBXBuildFile; fileRef = 8F27CB522E75E17F004E6A4C /* GridView.swift */; };
		8F27CB562E75E17F004E6A4C /* BlockTrayView.swift in Sources */ = {isa = PBXBuildFile; fileRef = 8F27CB4D2E75E17F004E6A4C /* BlockTrayView.swift */; };
		8F27CB572E75E17F004E6A4C /* DragDropGameView.swift in Sources */ = {isa = PBXBuildFile; fileRef = 8F27CB4F2E75E17F004E6A4C /* DragDropGameView.swift */; };
		8F27CB582E75E17F004E6A4C /* GameView.swift in Sources */ = {isa = PBXBuildFile; fileRef = 8F27CB512E75E17F004E6A4C /* GameView.swift */; };
		8F27CB592E75E17F004E6A4C /* BlockView.swift in Sources */ = {isa = PBXBuildFile; fileRef = 8F27CB4E2E75E17F004E6A4C /* BlockView.swift */; };
		8F27CB5D2E769512004E6A4C /* DragController.swift in Sources */ = {isa = PBXBuildFile; fileRef = 8F27CB5C2E769512004E6A4C /* DragController.swift */; };
		A50001F72C8A1234000123AB /* BlockPuzzleProApp.swift in Sources */ = {isa = PBXBuildFile; fileRef = A50001F62C8A1234000123AB /* BlockPuzzleProApp.swift */; };
		A50001F92C8A1234000123AB /* GameScene.sks in Resources */ = {isa = PBXBuildFile; fileRef = A50001F82C8A1234000123AB /* GameScene.sks */; };
		A50001FB2C8A1234000123AB /* Actions.sks in Resources */ = {isa = PBXBuildFile; fileRef = A50001FA2C8A1234000123AB /* Actions.sks */; };
		A50001FD2C8A1234000123AB /* GameScene.swift in Sources */ = {isa = PBXBuildFile; fileRef = A50001FC2C8A1234000123AB /* GameScene.swift */; };
		A50001FF2C8A1234000123AB /* GameViewController.swift in Sources */ = {isa = PBXBuildFile; fileRef = A50001FE2C8A1234000123AB /* GameViewController.swift */; };
		A50002022C8A1234000123AB /* Main.storyboard in Resources */ = {isa = PBXBuildFile; fileRef = A50002002C8A1234000123AB /* Main.storyboard */; };
		A50002042C8A1235000123AB /* Assets.xcassets in Resources */ = {isa = PBXBuildFile; fileRef = A50002032C8A1235000123AB /* Assets.xcassets */; };
		A50002072C8A1235000123AB /* LaunchScreen.storyboard in Resources */ = {isa = PBXBuildFile; fileRef = A50002052C8A1235000123AB /* LaunchScreen.storyboard */; };
/* End PBXBuildFile section */

/* Begin PBXFileReference section */
		8F27CB342E75E170004E6A4C /* GameEngine.swift */ = {isa = PBXFileReference; lastKnownFileType = sourcecode.swift; path = GameEngine.swift; sourceTree = "<group>"; };
		8F9999F02E75E999004E6A4C /* PlacementEngine.swift */ = {isa = PBXFileReference; lastKnownFileType = sourcecode.swift; path = PlacementEngine.swift; sourceTree = "<group>"; };
		8F27CB362E75E170004E6A4C /* BlockType.swift */ = {isa = PBXFileReference; lastKnownFileType = sourcecode.swift; path = BlockType.swift; sourceTree = "<group>"; };
		8F27CB372E75E170004E6A4C /* GridCell.swift */ = {isa = PBXFileReference; lastKnownFileType = sourcecode.swift; path = GridCell.swift; sourceTree = "<group>"; };
		8F27CB392E75E170004E6A4C /* AdManager.swift */ = {isa = PBXFileReference; lastKnownFileType = sourcecode.swift; path = AdManager.swift; sourceTree = "<group>"; };
		8F27CB3A2E75E170004E6A4C /* AdMobConfig.swift */ = {isa = PBXFileReference; lastKnownFileType = sourcecode.swift; path = AdMobConfig.swift; sourceTree = "<group>"; };
		8F27CB3B2E75E170004E6A4C /* AdTestViewController.swift */ = {isa = PBXFileReference; lastKnownFileType = sourcecode.swift; path = AdTestViewController.swift; sourceTree = "<group>"; };
		8F27CB3C2E75E170004E6A4C /* ATTManager.swift */ = {isa = PBXFileReference; lastKnownFileType = sourcecode.swift; path = ATTManager.swift; sourceTree = "<group>"; };
		8F27CB3D2E75E170004E6A4C /* GameAdIntegration.swift */ = {isa = PBXFileReference; lastKnownFileType = sourcecode.swift; path = GameAdIntegration.swift; sourceTree = "<group>"; };
		8F27CB3F2E75E170004E6A4C /* DeviceManager.swift */ = {isa = PBXFileReference; lastKnownFileType = sourcecode.swift; path = DeviceManager.swift; sourceTree = "<group>"; };
		8F27CB402E75E170004E6A4C /* VisualConstants.swift */ = {isa = PBXFileReference; lastKnownFileType = sourcecode.swift; path = VisualConstants.swift; sourceTree = "<group>"; };
		8F27CB4D2E75E17F004E6A4C /* BlockTrayView.swift */ = {isa = PBXFileReference; lastKnownFileType = sourcecode.swift; path = BlockTrayView.swift; sourceTree = "<group>"; };
		8F27CB4E2E75E17F004E6A4C /* BlockView.swift */ = {isa = PBXFileReference; lastKnownFileType = sourcecode.swift; path = BlockView.swift; sourceTree = "<group>"; };
		8F27CB4F2E75E17F004E6A4C /* DragDropGameView.swift */ = {isa = PBXFileReference; lastKnownFileType = sourcecode.swift; path = DragDropGameView.swift; sourceTree = "<group>"; };
		8F27CB502E75E17F004E6A4C /* DraggableBlockView.swift */ = {isa = PBXFileReference; lastKnownFileType = sourcecode.swift; path = DraggableBlockView.swift; sourceTree = "<group>"; };
		8F27CB512E75E17F004E6A4C /* GameView.swift */ = {isa = PBXFileReference; lastKnownFileType = sourcecode.swift; path = GameView.swift; sourceTree = "<group>"; };
		8F27CB522E75E17F004E6A4C /* GridView.swift */ = {isa = PBXFileReference; lastKnownFileType = sourcecode.swift; path = GridView.swift; sourceTree = "<group>"; };
		8F27CB5C2E769512004E6A4C /* DragController.swift */ = {isa = PBXFileReference; lastKnownFileType = sourcecode.swift; path = DragController.swift; sourceTree = "<group>"; };
		8FE754852E7AD76A0067A8D3 /* GameEngineTests.swift */ = {isa = PBXFileReference; lastKnownFileType = sourcecode.swift; path = GameEngineTests.swift; sourceTree = "<group>"; };
		8FE754862E7AE26F0067A8D3 /* DragController.swift */ = {isa = PBXFileReference; lastKnownFileType = sourcecode.swift; path = DragController.swift; sourceTree = "<group>"; };
		8FE754872E7AE4FD0067A8D3 /* DragController 2.swift */ = {isa = PBXFileReference; lastKnownFileType = sourcecode.swift; path = "DragController 2.swift"; sourceTree = "<group>"; };
		8FE754882E7AE5C20067A8D3 /* DragController 3.swift */ = {isa = PBXFileReference; lastKnownFileType = sourcecode.swift; path = "DragController 3.swift"; sourceTree = "<group>"; };
		A50001F32C8A1234000123AB /* BlockPuzzlePro.app */ = {isa = PBXFileReference; explicitFileType = wrapper.application; includeInIndex = 0; path = BlockPuzzlePro.app; sourceTree = BUILT_PRODUCTS_DIR; };
		A50001F62C8A1234000123AB /* BlockPuzzleProApp.swift */ = {isa = PBXFileReference; lastKnownFileType = sourcecode.swift; path = BlockPuzzleProApp.swift; sourceTree = "<group>"; };
		A50001F82C8A1234000123AB /* GameScene.sks */ = {isa = PBXFileReference; lastKnownFileType = file.sks; path = GameScene.sks; sourceTree = "<group>"; };
		A50001FA2C8A1234000123AB /* Actions.sks */ = {isa = PBXFileReference; lastKnownFileType = file.sks; path = Actions.sks; sourceTree = "<group>"; };
		A50001FC2C8A1234000123AB /* GameScene.swift */ = {isa = PBXFileReference; lastKnownFileType = sourcecode.swift; path = GameScene.swift; sourceTree = "<group>"; };
		A50001FE2C8A1234000123AB /* GameViewController.swift */ = {isa = PBXFileReference; lastKnownFileType = sourcecode.swift; path = GameViewController.swift; sourceTree = "<group>"; };
		A50002012C8A1234000123AB /* Base */ = {isa = PBXFileReference; lastKnownFileType = file.storyboard; name = Base; path = Base.lproj/Main.storyboard; sourceTree = "<group>"; };
		A50002032C8A1235000123AB /* Assets.xcassets */ = {isa = PBXFileReference; lastKnownFileType = folder.assetcatalog; path = Assets.xcassets; sourceTree = "<group>"; };
		A50002062C8A1235000123AB /* Base */ = {isa = PBXFileReference; lastKnownFileType = file.storyboard; name = Base; path = Base.lproj/LaunchScreen.storyboard; sourceTree = "<group>"; };
/* End PBXFileReference section */

/* Begin PBXFrameworksBuildPhase section */
		A50001F02C8A1234000123AB /* Frameworks */ = {
			isa = PBXFrameworksBuildPhase;
			buildActionMask = 2147483647;
			files = (
			);
			runOnlyForDeploymentPostprocessing = 0;
		};
/* End PBXFrameworksBuildPhase section */

/* Begin PBXGroup section */
		8F27CB352E75E170004E6A4C /* Managers */ = {
			isa = PBXGroup;
			children = (
				8F27CB342E75E170004E6A4C /* GameEngine.swift */,
			);
			path = Managers;
			sourceTree = "<group>";
		};
		8F27CB382E75E170004E6A4C /* Models */ = {
			isa = PBXGroup;
			children = (
				8F27CB362E75E170004E6A4C /* BlockType.swift */,
				8F27CB372E75E170004E6A4C /* GridCell.swift */,
			);
			path = Models;
			sourceTree = "<group>";
		};
		8F27CB3E2E75E170004E6A4C /* Services */ = {
			isa = PBXGroup;
			children = (
				8F27CB392E75E170004E6A4C /* AdManager.swift */,
				8F27CB3A2E75E170004E6A4C /* AdMobConfig.swift */,
				8F27CB3B2E75E170004E6A4C /* AdTestViewController.swift */,
				8F27CB3C2E75E170004E6A4C /* ATTManager.swift */,
				8F27CB3D2E75E170004E6A4C /* GameAdIntegration.swift */,
			);
			path = Services;
			sourceTree = "<group>";
		};
		8F27CB412E75E170004E6A4C /* Utilities */ = {
			isa = PBXGroup;
			children = (
				8F27CB3F2E75E170004E6A4C /* DeviceManager.swift */,
				8F27CB402E75E170004E6A4C /* VisualConstants.swift */,
			);
			path = Utilities;
			sourceTree = "<group>";
		};
		8F27CB422E75E170004E6A4C /* Core */ = {
			isa = PBXGroup;
			children = (
				8F27CB352E75E170004E6A4C /* Managers */,
				8F27CB382E75E170004E6A4C /* Models */,
				8F27CB3E2E75E170004E6A4C /* Services */,
				8F27CB412E75E170004E6A4C /* Utilities */,
			);
			path = Core;
			sourceTree = "<group>";
		};
		8F27CB532E75E17F004E6A4C /* Views */ = {
			isa = PBXGroup;
			children = (
				8F27CB4D2E75E17F004E6A4C /* BlockTrayView.swift */,
				8F27CB4E2E75E17F004E6A4C /* BlockView.swift */,
				8F27CB4F2E75E17F004E6A4C /* DragDropGameView.swift */,
				8F27CB502E75E17F004E6A4C /* DraggableBlockView.swift */,
				8F27CB512E75E17F004E6A4C /* GameView.swift */,
				8F27CB522E75E17F004E6A4C /* GridView.swift */,
			);
			path = Views;
			sourceTree = "<group>";
		};
		8F9999F22E75E999004E6A4C /* Game */ = {
			isa = PBXGroup;
			children = (
				8F9999F02E75E999004E6A4C /* PlacementEngine.swift */,
			);
			path = Game;
			sourceTree = "<group>";
		};
		A50001EA2C8A1234000123AB = {
			isa = PBXGroup;
			children = (
				A50001F52C8A1234000123AB /* BlockPuzzlePro */,
				A50001F42C8A1234000123AB /* Products */,
				8FE754852E7AD76A0067A8D3 /* GameEngineTests.swift */,
				8FE754862E7AE26F0067A8D3 /* DragController.swift */,
				8FE754872E7AE4FD0067A8D3 /* DragController 2.swift */,
				8FE754882E7AE5C20067A8D3 /* DragController 3.swift */,
			);
			sourceTree = "<group>";
		};
		A50001F42C8A1234000123AB /* Products */ = {
			isa = PBXGroup;
			children = (
				A50001F32C8A1234000123AB /* BlockPuzzlePro.app */,
			);
			name = Products;
			sourceTree = "<group>";
		};
		A50001F52C8A1234000123AB /* BlockPuzzlePro */ = {
			isa = PBXGroup;
			children = (
				8F27CB5C2E769512004E6A4C /* DragController.swift */,
				8F27CB532E75E17F004E6A4C /* Views */,
				8F27CB422E75E170004E6A4C /* Core */,
				8F9999F22E75E999004E6A4C /* Game */,
				A50001F62C8A1234000123AB /* BlockPuzzleProApp.swift */,
				A50001F82C8A1234000123AB /* GameScene.sks */,
				A50001FA2C8A1234000123AB /* Actions.sks */,
				A50001FC2C8A1234000123AB /* GameScene.swift */,
				A50001FE2C8A1234000123AB /* GameViewController.swift */,
				A50002002C8A1234000123AB /* Main.storyboard */,
				A50002032C8A1235000123AB /* Assets.xcassets */,
				A50002052C8A1235000123AB /* LaunchScreen.storyboard */,
			);
			path = BlockPuzzlePro;
			sourceTree = "<group>";
		};
/* End PBXGroup section */

/* Begin PBXNativeTarget section */
		A50001F22C8A1234000123AB /* BlockPuzzlePro */ = {
			isa = PBXNativeTarget;
			buildConfigurationList = A500020A2C8A1235000123AB /* Build configuration list for PBXNativeTarget "BlockPuzzlePro" */;
			buildPhases = (
				A50001EF2C8A1234000123AB /* Sources */,
				A50001F02C8A1234000123AB /* Frameworks */,
				A50001F12C8A1234000123AB /* Resources */,
			);
			buildRules = (
			);
			dependencies = (
			);
			name = BlockPuzzlePro;
			productName = BlockPuzzlePro;
			productReference = A50001F32C8A1234000123AB /* BlockPuzzlePro.app */;
			productType = "com.apple.product-type.application";
		};
/* End PBXNativeTarget section */

/* Begin PBXProject section */
		A50001EB2C8A1234000123AB /* Project object */ = {
			isa = PBXProject;
			attributes = {
				BuildIndependentTargetsInParallel = 1;
				LastSwiftUpdateCheck = 1540;
				LastUpgradeCheck = 2600;
				TargetAttributes = {
					A50001F22C8A1234000123AB = {
						CreatedOnToolsVersion = 15.4;
					};
				};
			};
			buildConfigurationList = A50001EE2C8A1234000123AB /* Build configuration list for PBXProject "BlockPuzzlePro" */;
			compatibilityVersion = "Xcode 14.0";
			developmentRegion = en;
			hasScannedForEncodings = 0;
			knownRegions = (
				en,
				Base,
			);
			mainGroup = A50001EA2C8A1234000123AB;
			productRefGroup = A50001F42C8A1234000123AB /* Products */;
			projectDirPath = "";
			projectRoot = "";
			targets = (
				A50001F22C8A1234000123AB /* BlockPuzzlePro */,
			);
		};
/* End PBXProject section */

/* Begin PBXResourcesBuildPhase section */
		A50001F12C8A1234000123AB /* Resources */ = {
			isa = PBXResourcesBuildPhase;
			buildActionMask = 2147483647;
			files = (
				A50002022C8A1234000123AB /* Main.storyboard in Resources */,
				A50001F92C8A1234000123AB /* GameScene.sks in Resources */,
				A50002042C8A1235000123AB /* Assets.xcassets in Resources */,
				A50002072C8A1235000123AB /* LaunchScreen.storyboard in Resources */,
				A50001FB2C8A1234000123AB /* Actions.sks in Resources */,
			);
			runOnlyForDeploymentPostprocessing = 0;
		};
/* End PBXResourcesBuildPhase section */

/* Begin PBXSourcesBuildPhase section */
		A50001EF2C8A1234000123AB /* Sources */ = {
			isa = PBXSourcesBuildPhase;
			buildActionMask = 2147483647;
			files = (
				A50001FD2C8A1234000123AB /* GameScene.swift in Sources */,
				8F27CB5D2E769512004E6A4C /* DragController.swift in Sources */,
				A50001FF2C8A1234000123AB /* GameViewController.swift in Sources */,
				A50001F72C8A1234000123AB /* BlockPuzzleProApp.swift in Sources */,
				8F27CB432E75E170004E6A4C /* GameEngine.swift in Sources */,
				8F9999F12E75E999004E6A4C /* PlacementEngine.swift in Sources */,
				8F27CB442E75E170004E6A4C /* GameAdIntegration.swift in Sources */,
				8F27CB452E75E170004E6A4C /* AdManager.swift in Sources */,
				8F27CB462E75E170004E6A4C /* VisualConstants.swift in Sources */,
				8F27CB472E75E170004E6A4C /* AdTestViewController.swift in Sources */,
				8F27CB482E75E170004E6A4C /* GridCell.swift in Sources */,
				8F27CB492E75E170004E6A4C /* ATTManager.swift in Sources */,
				8F27CB4A2E75E170004E6A4C /* AdMobConfig.swift in Sources */,
				8F27CB542E75E17F004E6A4C /* DraggableBlockView.swift in Sources */,
				8F27CB552E75E17F004E6A4C /* GridView.swift in Sources */,
				8F27CB562E75E17F004E6A4C /* BlockTrayView.swift in Sources */,
				8F27CB572E75E17F004E6A4C /* DragDropGameView.swift in Sources */,
				8F27CB582E75E17F004E6A4C /* GameView.swift in Sources */,
				8F27CB592E75E17F004E6A4C /* BlockView.swift in Sources */,
				8F27CB4B2E75E170004E6A4C /* DeviceManager.swift in Sources */,
				8F27CB4C2E75E170004E6A4C /* BlockType.swift in Sources */,
			);
			runOnlyForDeploymentPostprocessing = 0;
		};
/* End PBXSourcesBuildPhase section */

/* Begin PBXVariantGroup section */
		A50002002C8A1234000123AB /* Main.storyboard */ = {
			isa = PBXVariantGroup;
			children = (
				A50002012C8A1234000123AB /* Base */,
			);
			name = Main.storyboard;
			sourceTree = "<group>";
		};
		A50002052C8A1235000123AB /* LaunchScreen.storyboard */ = {
			isa = PBXVariantGroup;
			children = (
				A50002062C8A1235000123AB /* Base */,
			);
			name = LaunchScreen.storyboard;
			sourceTree = "<group>";
		};
/* End PBXVariantGroup section */

/* Begin XCBuildConfiguration section */
		A50002082C8A1235000123AB /* Debug */ = {
			isa = XCBuildConfiguration;
			buildSettings = {
				ALWAYS_SEARCH_USER_PATHS = NO;
				ASSETCATALOG_COMPILER_GENERATE_SWIFT_ASSET_SYMBOL_EXTENSIONS = YES;
				CLANG_ANALYZER_NONNULL = YES;
				CLANG_ANALYZER_NUMBER_OBJECT_CONVERSION = YES_AGGRESSIVE;
				CLANG_CXX_LANGUAGE_STANDARD = "gnu++20";
				CLANG_ENABLE_MODULES = YES;
				CLANG_ENABLE_OBJC_ARC = YES;
				CLANG_ENABLE_OBJC_WEAK = YES;
				CLANG_WARN_BLOCK_CAPTURE_AUTORELEASING = YES;
				CLANG_WARN_BOOL_CONVERSION = YES;
				CLANG_WARN_COMMA = YES;
				CLANG_WARN_CONSTANT_CONVERSION = YES;
				CLANG_WARN_DEPRECATED_OBJC_IMPLEMENTATIONS = YES;
				CLANG_WARN_DIRECT_OBJC_ISA_USAGE = YES_ERROR;
				CLANG_WARN_DOCUMENTATION_COMMENTS = YES;
				CLANG_WARN_EMPTY_BODY = YES;
				CLANG_WARN_ENUM_CONVERSION = YES;
				CLANG_WARN_INFINITE_RECURSION = YES;
				CLANG_WARN_INT_CONVERSION = YES;
				CLANG_WARN_NON_LITERAL_NULL_CONVERSION = YES;
				CLANG_WARN_OBJC_IMPLICIT_RETAIN_SELF = YES;
				CLANG_WARN_OBJC_LITERAL_CONVERSION = YES;
				CLANG_WARN_OBJC_ROOT_CLASS = YES_ERROR;
				CLANG_WARN_QUOTED_INCLUDE_IN_FRAMEWORK_HEADER = YES;
				CLANG_WARN_RANGE_LOOP_ANALYSIS = YES;
				CLANG_WARN_STRICT_PROTOTYPES = YES;
				CLANG_WARN_SUSPICIOUS_MOVE = YES;
				CLANG_WARN_UNGUARDED_AVAILABILITY = YES_AGGRESSIVE;
				CLANG_WARN_UNREACHABLE_CODE = YES;
				CLANG_WARN__DUPLICATE_METHOD_MATCH = YES;
				COPY_PHASE_STRIP = NO;
				DEBUG_INFORMATION_FORMAT = dwarf;
				DEVELOPMENT_TEAM = 7A8ZCGXJ9A;
				ENABLE_STRICT_OBJC_MSGSEND = YES;
				ENABLE_TESTABILITY = YES;
				ENABLE_USER_SCRIPT_SANDBOXING = YES;
				GCC_C_LANGUAGE_STANDARD = gnu17;
				GCC_DYNAMIC_NO_PIC = NO;
				GCC_NO_COMMON_BLOCKS = YES;
				GCC_OPTIMIZATION_LEVEL = 0;
				GCC_PREPROCESSOR_DEFINITIONS = (
					"DEBUG=1",
					"$(inherited)",
				);
				GCC_WARN_64_TO_32_BIT_CONVERSION = YES;
				GCC_WARN_ABOUT_RETURN_TYPE = YES_ERROR;
				GCC_WARN_UNDECLARED_SELECTOR = YES;
				GCC_WARN_UNINITIALIZED_AUTOS = YES_AGGRESSIVE;
				GCC_WARN_UNUSED_FUNCTION = YES;
				GCC_WARN_UNUSED_VARIABLE = YES;
				IPHONEOS_DEPLOYMENT_TARGET = 17.0;
				LOCALIZATION_PREFERS_STRING_CATALOGS = YES;
				MTL_ENABLE_DEBUG_INFO = INCLUDE_SOURCE;
				MTL_FAST_MATH = YES;
				ONLY_ACTIVE_ARCH = YES;
				SDKROOT = iphoneos;
				STRING_CATALOG_GENERATE_SYMBOLS = YES;
				SWIFT_ACTIVE_COMPILATION_CONDITIONS = "DEBUG $(inherited)";
				SWIFT_OPTIMIZATION_LEVEL = "-Onone";
				SWIFT_VERSION = 6.0;
			};
			name = Debug;
		};
		A50002092C8A1235000123AB /* Release */ = {
			isa = XCBuildConfiguration;
			buildSettings = {
				ALWAYS_SEARCH_USER_PATHS = NO;
				ASSETCATALOG_COMPILER_GENERATE_SWIFT_ASSET_SYMBOL_EXTENSIONS = YES;
				CLANG_ANALYZER_NONNULL = YES;
				CLANG_ANALYZER_NUMBER_OBJECT_CONVERSION = YES_AGGRESSIVE;
				CLANG_CXX_LANGUAGE_STANDARD = "gnu++20";
				CLANG_ENABLE_MODULES = YES;
				CLANG_ENABLE_OBJC_ARC = YES;
				CLANG_ENABLE_OBJC_WEAK = YES;
				CLANG_WARN_BLOCK_CAPTURE_AUTORELEASING = YES;
				CLANG_WARN_BOOL_CONVERSION = YES;
				CLANG_WARN_COMMA = YES;
				CLANG_WARN_CONSTANT_CONVERSION = YES;
				CLANG_WARN_DEPRECATED_OBJC_IMPLEMENTATIONS = YES;
				CLANG_WARN_DIRECT_OBJC_ISA_USAGE = YES_ERROR;
				CLANG_WARN_DOCUMENTATION_COMMENTS = YES;
				CLANG_WARN_EMPTY_BODY = YES;
				CLANG_WARN_ENUM_CONVERSION = YES;
				CLANG_WARN_INFINITE_RECURSION = YES;
				CLANG_WARN_INT_CONVERSION = YES;
				CLANG_WARN_NON_LITERAL_NULL_CONVERSION = YES;
				CLANG_WARN_OBJC_IMPLICIT_RETAIN_SELF = YES;
				CLANG_WARN_OBJC_LITERAL_CONVERSION = YES;
				CLANG_WARN_OBJC_ROOT_CLASS = YES_ERROR;
				CLANG_WARN_QUOTED_INCLUDE_IN_FRAMEWORK_HEADER = YES;
				CLANG_WARN_RANGE_LOOP_ANALYSIS = YES;
				CLANG_WARN_STRICT_PROTOTYPES = YES;
				CLANG_WARN_SUSPICIOUS_MOVE = YES;
				CLANG_WARN_UNGUARDED_AVAILABILITY = YES_AGGRESSIVE;
				CLANG_WARN_UNREACHABLE_CODE = YES;
				CLANG_WARN__DUPLICATE_METHOD_MATCH = YES;
				COPY_PHASE_STRIP = NO;
				DEBUG_INFORMATION_FORMAT = "dwarf-with-dsym";
				DEVELOPMENT_TEAM = 7A8ZCGXJ9A;
				ENABLE_NS_ASSERTIONS = NO;
				ENABLE_STRICT_OBJC_MSGSEND = YES;
				ENABLE_USER_SCRIPT_SANDBOXING = YES;
				GCC_C_LANGUAGE_STANDARD = gnu17;
				GCC_NO_COMMON_BLOCKS = YES;
				GCC_WARN_64_TO_32_BIT_CONVERSION = YES;
				GCC_WARN_ABOUT_RETURN_TYPE = YES_ERROR;
				GCC_WARN_UNDECLARED_SELECTOR = YES;
				GCC_WARN_UNINITIALIZED_AUTOS = YES_AGGRESSIVE;
				GCC_WARN_UNUSED_FUNCTION = YES;
				GCC_WARN_UNUSED_VARIABLE = YES;
				IPHONEOS_DEPLOYMENT_TARGET = 17.0;
				LOCALIZATION_PREFERS_STRING_CATALOGS = YES;
				MTL_ENABLE_DEBUG_INFO = NO;
				MTL_FAST_MATH = YES;
				SDKROOT = iphoneos;
				STRING_CATALOG_GENERATE_SYMBOLS = YES;
				SWIFT_COMPILATION_MODE = wholemodule;
				SWIFT_VERSION = 6.0;
				VALIDATE_PRODUCT = YES;
			};
			name = Release;
		};
		A500020B2C8A1235000123AB /* Debug */ = {
			isa = XCBuildConfiguration;
			buildSettings = {
				ASSETCATALOG_COMPILER_APPICON_NAME = AppIcon;
				ASSETCATALOG_COMPILER_GLOBAL_ACCENT_COLOR_NAME = AccentColor;
				CODE_SIGN_STYLE = Automatic;
				CURRENT_PROJECT_VERSION = 1;
				GENERATE_INFOPLIST_FILE = YES;
				INFOPLIST_KEY_UIApplicationSupportsIndirectInputEvents = YES;
				INFOPLIST_KEY_UILaunchStoryboardName = LaunchScreen;
				INFOPLIST_KEY_UIMainStoryboardFile = Main;
				INFOPLIST_KEY_UIStatusBarHidden = YES;
				INFOPLIST_KEY_UISupportedInterfaceOrientations = UIInterfaceOrientationPortrait;
				INFOPLIST_KEY_UISupportedInterfaceOrientations_iPad = UIInterfaceOrientationPortrait;
				INFOPLIST_KEY_UISupportedInterfaceOrientations_iPhone = UIInterfaceOrientationPortrait;
				LD_RUNPATH_SEARCH_PATHS = (
					"$(inherited)",
					"@executable_path/Frameworks",
				);
				MARKETING_VERSION = 1.0;
				PRODUCT_BUNDLE_IDENTIFIER = com.example.BlockPuzzlePro;
				PRODUCT_NAME = "$(TARGET_NAME)";
				SUPPORTED_PLATFORMS = "iphoneos iphonesimulator";
				SUPPORTS_MACCATALYST = NO;
				SUPPORTS_MAC_DESIGNED_FOR_IPHONE_IPAD = NO;
				SUPPORTS_XR_DESIGNED_FOR_IPHONE_IPAD = NO;
				SWIFT_EMIT_LOC_STRINGS = YES;
				SWIFT_VERSION = 6.0;
				TARGETED_DEVICE_FAMILY = "1,2";
			};
			name = Debug;
		};
		A500020C2C8A1235000123AB /* Release */ = {
			isa = XCBuildConfiguration;
			buildSettings = {
				ASSETCATALOG_COMPILER_APPICON_NAME = AppIcon;
				ASSETCATALOG_COMPILER_GLOBAL_ACCENT_COLOR_NAME = AccentColor;
				CODE_SIGN_STYLE = Automatic;
				CURRENT_PROJECT_VERSION = 1;
				GENERATE_INFOPLIST_FILE = YES;
				INFOPLIST_KEY_UIApplicationSupportsIndirectInputEvents = YES;
				INFOPLIST_KEY_UILaunchStoryboardName = LaunchScreen;
				INFOPLIST_KEY_UIMainStoryboardFile = Main;
				INFOPLIST_KEY_UIStatusBarHidden = YES;
				INFOPLIST_KEY_UISupportedInterfaceOrientations = UIInterfaceOrientationPortrait;
				INFOPLIST_KEY_UISupportedInterfaceOrientations_iPad = UIInterfaceOrientationPortrait;
				INFOPLIST_KEY_UISupportedInterfaceOrientations_iPhone = UIInterfaceOrientationPortrait;
				LD_RUNPATH_SEARCH_PATHS = (
					"$(inherited)",
					"@executable_path/Frameworks",
				);
				MARKETING_VERSION = 1.0;
				PRODUCT_BUNDLE_IDENTIFIER = com.example.BlockPuzzlePro;
				PRODUCT_NAME = "$(TARGET_NAME)";
				SUPPORTED_PLATFORMS = "iphoneos iphonesimulator";
				SUPPORTS_MACCATALYST = NO;
				SUPPORTS_MAC_DESIGNED_FOR_IPHONE_IPAD = NO;
				SUPPORTS_XR_DESIGNED_FOR_IPHONE_IPAD = NO;
				SWIFT_EMIT_LOC_STRINGS = YES;
				SWIFT_VERSION = 6.0;
				TARGETED_DEVICE_FAMILY = "1,2";
			};
			name = Release;
		};
/* End XCBuildConfiguration section */

/* Begin XCConfigurationList section */
		A50001EE2C8A1234000123AB /* Build configuration list for PBXProject "BlockPuzzlePro" */ = {
			isa = XCConfigurationList;
			buildConfigurations = (
				A50002082C8A1235000123AB /* Debug */,
				A50002092C8A1235000123AB /* Release */,
			);
			defaultConfigurationIsVisible = 0;
			defaultConfigurationName = Release;
		};
		A500020A2C8A1235000123AB /* Build configuration list for PBXNativeTarget "BlockPuzzlePro" */ = {
			isa = XCConfigurationList;
			buildConfigurations = (
				A500020B2C8A1235000123AB /* Debug */,
				A500020C2C8A1235000123AB /* Release */,
			);
			defaultConfigurationIsVisible = 0;
			defaultConfigurationName = Release;
		};
/* End XCConfigurationList section */
	};
	rootObject = A50001EB2C8A1234000123AB /* Project object */;
}
